// !$*UTF8*$!
{
	archiveVersion = 1;
	classes = {
	};
	objectVersion = 77;
	objects = {

/* Begin PBXContainerItemProxy section */
		37FC3AB42CA2F9ED00EBD0C4 /* PBXContainerItemProxy */ = {
			isa = PBXContainerItemProxy;
			containerPortal = 37FC3A9B2CA2F9EC00EBD0C4 /* Project object */;
			proxyType = 1;
			remoteGlobalIDString = 37FC3AA22CA2F9EC00EBD0C4;
			remoteInfo = Boilerplate;
		};
		37FC3ABE2CA2F9ED00EBD0C4 /* PBXContainerItemProxy */ = {
			isa = PBXContainerItemProxy;
			containerPortal = 37FC3A9B2CA2F9EC00EBD0C4 /* Project object */;
			proxyType = 1;
			remoteGlobalIDString = 37FC3AA22CA2F9EC00EBD0C4;
			remoteInfo = Boilerplate;
		};
/* End PBXContainerItemProxy section */

/* Begin PBXFileReference section */
		37FC3AA32CA2F9EC00EBD0C4 /* Boilerplate.app */ = {isa = PBXFileReference; explicitFileType = wrapper.application; includeInIndex = 0; path = Boilerplate.app; sourceTree = BUILT_PRODUCTS_DIR; };
		37FC3AB32CA2F9ED00EBD0C4 /* BoilerplateTests.xctest */ = {isa = PBXFileReference; explicitFileType = wrapper.cfbundle; includeInIndex = 0; path = BoilerplateTests.xctest; sourceTree = BUILT_PRODUCTS_DIR; };
		37FC3ABD2CA2F9ED00EBD0C4 /* BoilerplateUITests.xctest */ = {isa = PBXFileReference; explicitFileType = wrapper.cfbundle; includeInIndex = 0; path = BoilerplateUITests.xctest; sourceTree = BUILT_PRODUCTS_DIR; };
/* End PBXFileReference section */

/* Begin PBXFileSystemSynchronizedRootGroup section */
		37FC3AA52CA2F9EC00EBD0C4 /* Boilerplate */ = {
			isa = PBXFileSystemSynchronizedRootGroup;
			path = Boilerplate;
			sourceTree = "<group>";
		};
		37FC3AB62CA2F9ED00EBD0C4 /* BoilerplateTests */ = {
			isa = PBXFileSystemSynchronizedRootGroup;
			path = BoilerplateTests;
			sourceTree = "<group>";
		};
		37FC3AC02CA2F9ED00EBD0C4 /* BoilerplateUITests */ = {
			isa = PBXFileSystemSynchronizedRootGroup;
			path = BoilerplateUITests;
			sourceTree = "<group>";
		};
/* End PBXFileSystemSynchronizedRootGroup section */

/* Begin PBXFrameworksBuildPhase section */
		37FC3AA02CA2F9EC00EBD0C4 /* Frameworks */ = {
			isa = PBXFrameworksBuildPhase;
			buildActionMask = 2147483647;
			files = (
			);
			runOnlyForDeploymentPostprocessing = 0;
		};
		37FC3AB02CA2F9ED00EBD0C4 /* Frameworks */ = {
			isa = PBXFrameworksBuildPhase;
			buildActionMask = 2147483647;
			files = (
			);
			runOnlyForDeploymentPostprocessing = 0;
		};
		37FC3ABA2CA2F9ED00EBD0C4 /* Frameworks */ = {
			isa = PBXFrameworksBuildPhase;
			buildActionMask = 2147483647;
			files = (
			);
			runOnlyForDeploymentPostprocessing = 0;
		};
/* End PBXFrameworksBuildPhase section */

/* Begin PBXGroup section */
		37FC3A9A2CA2F9EC00EBD0C4 = {
			isa = PBXGroup;
			children = (
				37FC3AA52CA2F9EC00EBD0C4 /* Boilerplate */,
				37FC3AB62CA2F9ED00EBD0C4 /* BoilerplateTests */,
				37FC3AC02CA2F9ED00EBD0C4 /* BoilerplateUITests */,
				37FC3AA42CA2F9EC00EBD0C4 /* Products */,
			);
			sourceTree = "<group>";
		};
		37FC3AA42CA2F9EC00EBD0C4 /* Products */ = {
			isa = PBXGroup;
			children = (
				37FC3AA32CA2F9EC00EBD0C4 /* Boilerplate.app */,
				37FC3AB32CA2F9ED00EBD0C4 /* BoilerplateTests.xctest */,
				37FC3ABD2CA2F9ED00EBD0C4 /* BoilerplateUITests.xctest */,
			);
			name = Products;
			sourceTree = "<group>";
		};
/* End PBXGroup section */

/* Begin PBXNativeTarget section */
		37FC3AA22CA2F9EC00EBD0C4 /* Boilerplate */ = {
			isa = PBXNativeTarget;
			buildConfigurationList = 37FC3AC72CA2F9ED00EBD0C4 /* Build configuration list for PBXNativeTarget "Boilerplate" */;
			buildPhases = (
				37FC3A9F2CA2F9EC00EBD0C4 /* Sources */,
				37FC3AA02CA2F9EC00EBD0C4 /* Frameworks */,
				37FC3AA12CA2F9EC00EBD0C4 /* Resources */,
			);
			buildRules = (
			);
			dependencies = (
			);
			fileSystemSynchronizedGroups = (
				37FC3AA52CA2F9EC00EBD0C4 /* Boilerplate */,
			);
			name = Boilerplate;
			packageProductDependencies = (
			);
			productName = Boilerplate;
			productReference = 37FC3AA32CA2F9EC00EBD0C4 /* Boilerplate.app */;
			productType = "com.apple.product-type.application";
		};
		37FC3AB22CA2F9ED00EBD0C4 /* BoilerplateTests */ = {
			isa = PBXNativeTarget;
			buildConfigurationList = 37FC3ACA2CA2F9ED00EBD0C4 /* Build configuration list for PBXNativeTarget "BoilerplateTests" */;
			buildPhases = (
				37FC3AAF2CA2F9ED00EBD0C4 /* Sources */,
				37FC3AB02CA2F9ED00EBD0C4 /* Frameworks */,
				37FC3AB12CA2F9ED00EBD0C4 /* Resources */,
			);
			buildRules = (
			);
			dependencies = (
				37FC3AB52CA2F9ED00EBD0C4 /* PBXTargetDependency */,
			);
			fileSystemSynchronizedGroups = (
				37FC3AB62CA2F9ED00EBD0C4 /* BoilerplateTests */,
			);
			name = BoilerplateTests;
			packageProductDependencies = (
			);
			productName = BoilerplateTests;
			productReference = 37FC3AB32CA2F9ED00EBD0C4 /* BoilerplateTests.xctest */;
			productType = "com.apple.product-type.bundle.unit-test";
		};
		37FC3ABC2CA2F9ED00EBD0C4 /* BoilerplateUITests */ = {
			isa = PBXNativeTarget;
			buildConfigurationList = 37FC3ACD2CA2F9ED00EBD0C4 /* Build configuration list for PBXNativeTarget "BoilerplateUITests" */;
			buildPhases = (
				37FC3AB92CA2F9ED00EBD0C4 /* Sources */,
				37FC3ABA2CA2F9ED00EBD0C4 /* Frameworks */,
				37FC3ABB2CA2F9ED00EBD0C4 /* Resources */,
			);
			buildRules = (
			);
			dependencies = (
				37FC3ABF2CA2F9ED00EBD0C4 /* PBXTargetDependency */,
			);
			fileSystemSynchronizedGroups = (
				37FC3AC02CA2F9ED00EBD0C4 /* BoilerplateUITests */,
			);
			name = BoilerplateUITests;
			packageProductDependencies = (
			);
			productName = BoilerplateUITests;
			productReference = 37FC3ABD2CA2F9ED00EBD0C4 /* BoilerplateUITests.xctest */;
			productType = "com.apple.product-type.bundle.ui-testing";
		};
/* End PBXNativeTarget section */

/* Begin PBXProject section */
		37FC3A9B2CA2F9EC00EBD0C4 /* Project object */ = {
			isa = PBXProject;
			attributes = {
				BuildIndependentTargetsInParallel = 1;
				LastSwiftUpdateCheck = 1600;
				LastUpgradeCheck = 1600;
				TargetAttributes = {
					37FC3AA22CA2F9EC00EBD0C4 = {
						CreatedOnToolsVersion = 16.0;
					};
					37FC3AB22CA2F9ED00EBD0C4 = {
						CreatedOnToolsVersion = 16.0;
						TestTargetID = 37FC3AA22CA2F9EC00EBD0C4;
					};
					37FC3ABC2CA2F9ED00EBD0C4 = {
						CreatedOnToolsVersion = 16.0;
						TestTargetID = 37FC3AA22CA2F9EC00EBD0C4;
					};
				};
			};
			buildConfigurationList = 37FC3A9E2CA2F9EC00EBD0C4 /* Build configuration list for PBXProject "Boilerplate" */;
			developmentRegion = en;
			hasScannedForEncodings = 0;
			knownRegions = (
				en,
				Base,
			);
			mainGroup = 37FC3A9A2CA2F9EC00EBD0C4;
			minimizedProjectReferenceProxies = 1;
			preferredProjectObjectVersion = 77;
			productRefGroup = 37FC3AA42CA2F9EC00EBD0C4 /* Products */;
			projectDirPath = "";
			projectRoot = "";
			targets = (
				37FC3AA22CA2F9EC00EBD0C4 /* Boilerplate */,
				37FC3AB22CA2F9ED00EBD0C4 /* BoilerplateTests */,
				37FC3ABC2CA2F9ED00EBD0C4 /* BoilerplateUITests */,
			);
		};
/* End PBXProject section */

/* Begin PBXResourcesBuildPhase section */
		37FC3AA12CA2F9EC00EBD0C4 /* Resources */ = {
			isa = PBXResourcesBuildPhase;
			buildActionMask = 2147483647;
			files = (
			);
			runOnlyForDeploymentPostprocessing = 0;
		};
		37FC3AB12CA2F9ED00EBD0C4 /* Resources */ = {
			isa = PBXResourcesBuildPhase;
			buildActionMask = 2147483647;
			files = (
			);
			runOnlyForDeploymentPostprocessing = 0;
		};
		37FC3ABB2CA2F9ED00EBD0C4 /* Resources */ = {
			isa = PBXResourcesBuildPhase;
			buildActionMask = 2147483647;
			files = (
			);
			runOnlyForDeploymentPostprocessing = 0;
		};
/* End PBXResourcesBuildPhase section */

/* Begin PBXSourcesBuildPhase section */
		37FC3A9F2CA2F9EC00EBD0C4 /* Sources */ = {
			isa = PBXSourcesBuildPhase;
			buildActionMask = 2147483647;
			files = (
			);
			runOnlyForDeploymentPostprocessing = 0;
		};
		37FC3AAF2CA2F9ED00EBD0C4 /* Sources */ = {
			isa = PBXSourcesBuildPhase;
			buildActionMask = 2147483647;
			files = (
			);
			runOnlyForDeploymentPostprocessing = 0;
		};
		37FC3AB92CA2F9ED00EBD0C4 /* Sources */ = {
			isa = PBXSourcesBuildPhase;
			buildActionMask = 2147483647;
			files = (
			);
			runOnlyForDeploymentPostprocessing = 0;
		};
/* End PBXSourcesBuildPhase section */

/* Begin PBXTargetDependency section */
		37FC3AB52CA2F9ED00EBD0C4 /* PBXTargetDependency */ = {
			isa = PBXTargetDependency;
			target = 37FC3AA22CA2F9EC00EBD0C4 /* Boilerplate */;
			targetProxy = 37FC3AB42CA2F9ED00EBD0C4 /* PBXContainerItemProxy */;
		};
		37FC3ABF2CA2F9ED00EBD0C4 /* PBXTargetDependency */ = {
			isa = PBXTargetDependency;
			target = 37FC3AA22CA2F9EC00EBD0C4 /* Boilerplate */;
			targetProxy = 37FC3ABE2CA2F9ED00EBD0C4 /* PBXContainerItemProxy */;
		};
/* End PBXTargetDependency section */

/* Begin XCBuildConfiguration section */
		37FC3AC52CA2F9ED00EBD0C4 /* Debug */ = {
			isa = XCBuildConfiguration;
			buildSettings = {
				ALWAYS_SEARCH_USER_PATHS = NO;
				ASSETCATALOG_COMPILER_GENERATE_SWIFT_ASSET_SYMBOL_EXTENSIONS = YES;
				CLANG_ANALYZER_NONNULL = YES;
				CLANG_ANALYZER_NUMBER_OBJECT_CONVERSION = YES_AGGRESSIVE;
				CLANG_CXX_LANGUAGE_STANDARD = "gnu++20";
				CLANG_ENABLE_MODULES = YES;
				CLANG_ENABLE_OBJC_ARC = YES;
				CLANG_ENABLE_OBJC_WEAK = YES;
				CLANG_WARN_BLOCK_CAPTURE_AUTORELEASING = YES;
				CLANG_WARN_BOOL_CONVERSION = YES;
				CLANG_WARN_COMMA = YES;
				CLANG_WARN_CONSTANT_CONVERSION = YES;
				CLANG_WARN_DEPRECATED_OBJC_IMPLEMENTATIONS = YES;
				CLANG_WARN_DIRECT_OBJC_ISA_USAGE = YES_ERROR;
				CLANG_WARN_DOCUMENTATION_COMMENTS = YES;
				CLANG_WARN_EMPTY_BODY = YES;
				CLANG_WARN_ENUM_CONVERSION = YES;
				CLANG_WARN_INFINITE_RECURSION = YES;
				CLANG_WARN_INT_CONVERSION = YES;
				CLANG_WARN_NON_LITERAL_NULL_CONVERSION = YES;
				CLANG_WARN_OBJC_IMPLICIT_RETAIN_SELF = YES;
				CLANG_WARN_OBJC_LITERAL_CONVERSION = YES;
				CLANG_WARN_OBJC_ROOT_CLASS = YES_ERROR;
				CLANG_WARN_QUOTED_INCLUDE_IN_FRAMEWORK_HEADER = YES;
				CLANG_WARN_RANGE_LOOP_ANALYSIS = YES;
				CLANG_WARN_STRICT_PROTOTYPES = YES;
				CLANG_WARN_SUSPICIOUS_MOVE = YES;
				CLANG_WARN_UNGUARDED_AVAILABILITY = YES_AGGRESSIVE;
				CLANG_WARN_UNREACHABLE_CODE = YES;
				CLANG_WARN__DUPLICATE_METHOD_MATCH = YES;
				COPY_PHASE_STRIP = NO;
				DEBUG_INFORMATION_FORMAT = dwarf;
				ENABLE_STRICT_OBJC_MSGSEND = YES;
				ENABLE_TESTABILITY = YES;
				ENABLE_USER_SCRIPT_SANDBOXING = YES;
				GCC_C_LANGUAGE_STANDARD = gnu17;
				GCC_DYNAMIC_NO_PIC = NO;
				GCC_NO_COMMON_BLOCKS = YES;
				GCC_OPTIMIZATION_LEVEL = 0;
				GCC_PREPROCESSOR_DEFINITIONS = (
					"DEBUG=1",
					"$(inherited)",
				);
				GCC_WARN_64_TO_32_BIT_CONVERSION = YES;
				GCC_WARN_ABOUT_RETURN_TYPE = YES_ERROR;
				GCC_WARN_UNDECLARED_SELECTOR = YES;
				GCC_WARN_UNINITIALIZED_AUTOS = YES_AGGRESSIVE;
				GCC_WARN_UNUSED_FUNCTION = YES;
				GCC_WARN_UNUSED_VARIABLE = YES;
				IPHONEOS_DEPLOYMENT_TARGET = 18.0;
				LOCALIZATION_PREFERS_STRING_CATALOGS = YES;
				MTL_ENABLE_DEBUG_INFO = INCLUDE_SOURCE;
				MTL_FAST_MATH = YES;
				ONLY_ACTIVE_ARCH = YES;
				SDKROOT = iphoneos;
				SWIFT_ACTIVE_COMPILATION_CONDITIONS = "DEBUG $(inherited)";
				SWIFT_OPTIMIZATION_LEVEL = "-Onone";
			};
			name = Debug;
		};
		37FC3AC62CA2F9ED00EBD0C4 /* Release */ = {
			isa = XCBuildConfiguration;
			buildSettings = {
				ALWAYS_SEARCH_USER_PATHS = NO;
				ASSETCATALOG_COMPILER_GENERATE_SWIFT_ASSET_SYMBOL_EXTENSIONS = YES;
				CLANG_ANALYZER_NONNULL = YES;
				CLANG_ANALYZER_NUMBER_OBJECT_CONVERSION = YES_AGGRESSIVE;
				CLANG_CXX_LANGUAGE_STANDARD = "gnu++20";
				CLANG_ENABLE_MODULES = YES;
				CLANG_ENABLE_OBJC_ARC = YES;
				CLANG_ENABLE_OBJC_WEAK = YES;
				CLANG_WARN_BLOCK_CAPTURE_AUTORELEASING = YES;
				CLANG_WARN_BOOL_CONVERSION = YES;
				CLANG_WARN_COMMA = YES;
				CLANG_WARN_CONSTANT_CONVERSION = YES;
				CLANG_WARN_DEPRECATED_OBJC_IMPLEMENTATIONS = YES;
				CLANG_WARN_DIRECT_OBJC_ISA_USAGE = YES_ERROR;
				CLANG_WARN_DOCUMENTATION_COMMENTS = YES;
				CLANG_WARN_EMPTY_BODY = YES;
				CLANG_WARN_ENUM_CONVERSION = YES;
				CLANG_WARN_INFINITE_RECURSION = YES;
				CLANG_WARN_INT_CONVERSION = YES;
				CLANG_WARN_NON_LITERAL_NULL_CONVERSION = YES;
				CLANG_WARN_OBJC_IMPLICIT_RETAIN_SELF = YES;
				CLANG_WARN_OBJC_LITERAL_CONVERSION = YES;
				CLANG_WARN_OBJC_ROOT_CLASS = YES_ERROR;
				CLANG_WARN_QUOTED_INCLUDE_IN_FRAMEWORK_HEADER = YES;
				CLANG_WARN_RANGE_LOOP_ANALYSIS = YES;
				CLANG_WARN_STRICT_PROTOTYPES = YES;
				CLANG_WARN_SUSPICIOUS_MOVE = YES;
				CLANG_WARN_UNGUARDED_AVAILABILITY = YES_AGGRESSIVE;
				CLANG_WARN_UNREACHABLE_CODE = YES;
				CLANG_WARN__DUPLICATE_METHOD_MATCH = YES;
				COPY_PHASE_STRIP = NO;
				DEBUG_INFORMATION_FORMAT = "dwarf-with-dsym";
				ENABLE_NS_ASSERTIONS = NO;
				ENABLE_STRICT_OBJC_MSGSEND = YES;
				ENABLE_USER_SCRIPT_SANDBOXING = YES;
				GCC_C_LANGUAGE_STANDARD = gnu17;
				GCC_NO_COMMON_BLOCKS = YES;
				GCC_WARN_64_TO_32_BIT_CONVERSION = YES;
				GCC_WARN_ABOUT_RETURN_TYPE = YES_ERROR;
				GCC_WARN_UNDECLARED_SELECTOR = YES;
				GCC_WARN_UNINITIALIZED_AUTOS = YES_AGGRESSIVE;
				GCC_WARN_UNUSED_FUNCTION = YES;
				GCC_WARN_UNUSED_VARIABLE = YES;
				IPHONEOS_DEPLOYMENT_TARGET = 18.0;
				LOCALIZATION_PREFERS_STRING_CATALOGS = YES;
				MTL_ENABLE_DEBUG_INFO = NO;
				MTL_FAST_MATH = YES;
				SDKROOT = iphoneos;
				SWIFT_COMPILATION_MODE = wholemodule;
				VALIDATE_PRODUCT = YES;
			};
			name = Release;
		};
		37FC3AC82CA2F9ED00EBD0C4 /* Debug */ = {
			isa = XCBuildConfiguration;
			buildSettings = {
				ASSETCATALOG_COMPILER_APPICON_NAME = AppIcon;
				ASSETCATALOG_COMPILER_GLOBAL_ACCENT_COLOR_NAME = AccentColor;
				CODE_SIGN_STYLE = Automatic;
				CURRENT_PROJECT_VERSION = 1;
				DEVELOPMENT_ASSET_PATHS = "\"Boilerplate/Preview Content\"";
				ENABLE_PREVIEWS = YES;
				GENERATE_INFOPLIST_FILE = YES;
				INFOPLIST_KEY_UIApplicationSceneManifest_Generation = YES;
				INFOPLIST_KEY_UIApplicationSupportsIndirectInputEvents = YES;
				INFOPLIST_KEY_UILaunchScreen_Generation = YES;
				INFOPLIST_KEY_UISupportedInterfaceOrientations_iPad = "UIInterfaceOrientationPortrait UIInterfaceOrientationPortraitUpsideDown UIInterfaceOrientationLandscapeLeft UIInterfaceOrientationLandscapeRight";
				INFOPLIST_KEY_UISupportedInterfaceOrientations_iPhone = "UIInterfaceOrientationPortrait UIInterfaceOrientationLandscapeLeft UIInterfaceOrientationLandscapeRight";
				LD_RUNPATH_SEARCH_PATHS = (
					"$(inherited)",
					"@executable_path/Frameworks",
				);
				MARKETING_VERSION = 1.0;
				PRODUCT_BUNDLE_IDENTIFIER = Example.Boilerplate;
				PRODUCT_NAME = "$(TARGET_NAME)";
				SWIFT_EMIT_LOC_STRINGS = YES;
				SWIFT_VERSION = 5.0;
				TARGETED_DEVICE_FAMILY = "1,2";
			};
			name = Debug;
		};
		37FC3AC92CA2F9ED00EBD0C4 /* Release */ = {
			isa = XCBuildConfiguration;
			buildSettings = {
				ASSETCATALOG_COMPILER_APPICON_NAME = AppIcon;
				ASSETCATALOG_COMPILER_GLOBAL_ACCENT_COLOR_NAME = AccentColor;
				CODE_SIGN_STYLE = Automatic;
				CURRENT_PROJECT_VERSION = 1;
				DEVELOPMENT_ASSET_PATHS = "\"Boilerplate/Preview Content\"";
				ENABLE_PREVIEWS = YES;
				GENERATE_INFOPLIST_FILE = YES;
				INFOPLIST_KEY_UIApplicationSceneManifest_Generation = YES;
				INFOPLIST_KEY_UIApplicationSupportsIndirectInputEvents = YES;
				INFOPLIST_KEY_UILaunchScreen_Generation = YES;
				INFOPLIST_KEY_UISupportedInterfaceOrientations_iPad = "UIInterfaceOrientationPortrait UIInterfaceOrientationPortraitUpsideDown UIInterfaceOrientationLandscapeLeft UIInterfaceOrientationLandscapeRight";
				INFOPLIST_KEY_UISupportedInterfaceOrientations_iPhone = "UIInterfaceOrientationPortrait UIInterfaceOrientationLandscapeLeft UIInterfaceOrientationLandscapeRight";
				LD_RUNPATH_SEARCH_PATHS = (
					"$(inherited)",
					"@executable_path/Frameworks",
				);
				MARKETING_VERSION = 1.0;
				PRODUCT_BUNDLE_IDENTIFIER = Example.Boilerplate;
				PRODUCT_NAME = "$(TARGET_NAME)";
				SWIFT_EMIT_LOC_STRINGS = YES;
				SWIFT_VERSION = 5.0;
				TARGETED_DEVICE_FAMILY = "1,2";
			};
			name = Release;
		};
		37FC3ACB2CA2F9ED00EBD0C4 /* Debug */ = {
			isa = XCBuildConfiguration;
			buildSettings = {
				BUNDLE_LOADER = "$(TEST_HOST)";
				CODE_SIGN_STYLE = Automatic;
				CURRENT_PROJECT_VERSION = 1;
				GENERATE_INFOPLIST_FILE = YES;
				IPHONEOS_DEPLOYMENT_TARGET = 18.0;
				MARKETING_VERSION = 1.0;
				PRODUCT_BUNDLE_IDENTIFIER = Example.BoilerplateTests;
				PRODUCT_NAME = "$(TARGET_NAME)";
				SWIFT_EMIT_LOC_STRINGS = NO;
				SWIFT_VERSION = 5.0;
				TARGETED_DEVICE_FAMILY = "1,2";
				TEST_HOST = "$(BUILT_PRODUCTS_DIR)/Boilerplate.app/$(BUNDLE_EXECUTABLE_FOLDER_PATH)/Boilerplate";
			};
			name = Debug;
		};
		37FC3ACC2CA2F9ED00EBD0C4 /* Release */ = {
			isa = XCBuildConfiguration;
			buildSettings = {
				BUNDLE_LOADER = "$(TEST_HOST)";
				CODE_SIGN_STYLE = Automatic;
				CURRENT_PROJECT_VERSION = 1;
				GENERATE_INFOPLIST_FILE = YES;
				IPHONEOS_DEPLOYMENT_TARGET = 18.0;
				MARKETING_VERSION = 1.0;
				PRODUCT_BUNDLE_IDENTIFIER = Example.BoilerplateTests;
				PRODUCT_NAME = "$(TARGET_NAME)";
				SWIFT_EMIT_LOC_STRINGS = NO;
				SWIFT_VERSION = 5.0;
				TARGETED_DEVICE_FAMILY = "1,2";
				TEST_HOST = "$(BUILT_PRODUCTS_DIR)/Boilerplate.app/$(BUNDLE_EXECUTABLE_FOLDER_PATH)/Boilerplate";
			};
			name = Release;
		};
		37FC3ACE2CA2F9ED00EBD0C4 /* Debug */ = {
			isa = XCBuildConfiguration;
			buildSettings = {
				CODE_SIGN_STYLE = Automatic;
				CURRENT_PROJECT_VERSION = 1;
				GENERATE_INFOPLIST_FILE = YES;
				MARKETING_VERSION = 1.0;
				PRODUCT_BUNDLE_IDENTIFIER = Example.BoilerplateUITests;
				PRODUCT_NAME = "$(TARGET_NAME)";
				SWIFT_EMIT_LOC_STRINGS = NO;
				SWIFT_VERSION = 5.0;
				TARGETED_DEVICE_FAMILY = "1,2";
				TEST_TARGET_NAME = Boilerplate;
			};
			name = Debug;
		};
		37FC3ACF2CA2F9ED00EBD0C4 /* Release */ = {
			isa = XCBuildConfiguration;
			buildSettings = {
				CODE_SIGN_STYLE = Automatic;
				CURRENT_PROJECT_VERSION = 1;
				GENERATE_INFOPLIST_FILE = YES;
				MARKETING_VERSION = 1.0;
				PRODUCT_BUNDLE_IDENTIFIER = Example.BoilerplateUITests;
				PRODUCT_NAME = "$(TARGET_NAME)";
				SWIFT_EMIT_LOC_STRINGS = NO;
				SWIFT_VERSION = 5.0;
				TARGETED_DEVICE_FAMILY = "1,2";
				TEST_TARGET_NAME = Boilerplate;
			};
			name = Release;
		};
/* End XCBuildConfiguration section */

/* Begin XCConfigurationList section */
		37FC3A9E2CA2F9EC00EBD0C4 /* Build configuration list for PBXProject "Boilerplate" */ = {
			isa = XCConfigurationList;
			buildConfigurations = (
				37FC3AC52CA2F9ED00EBD0C4 /* Debug */,
				37FC3AC62CA2F9ED00EBD0C4 /* Release */,
			);
			defaultConfigurationIsVisible = 0;
			defaultConfigurationName = Release;
		};
		37FC3AC72CA2F9ED00EBD0C4 /* Build configuration list for PBXNativeTarget "Boilerplate" */ = {
			isa = XCConfigurationList;
			buildConfigurations = (
				37FC3AC82CA2F9ED00EBD0C4 /* Debug */,
				37FC3AC92CA2F9ED00EBD0C4 /* Release */,
			);
			defaultConfigurationIsVisible = 0;
			defaultConfigurationName = Release;
		};
		37FC3ACA2CA2F9ED00EBD0C4 /* Build configuration list for PBXNativeTarget "BoilerplateTests" */ = {
			isa = XCConfigurationList;
			buildConfigurations = (
				37FC3ACB2CA2F9ED00EBD0C4 /* Debug */,
				37FC3ACC2CA2F9ED00EBD0C4 /* Release */,
			);
			defaultConfigurationIsVisible = 0;
			defaultConfigurationName = Release;
		};
		37FC3ACD2CA2F9ED00EBD0C4 /* Build configuration list for PBXNativeTarget "BoilerplateUITests" */ = {
			isa = XCConfigurationList;
			buildConfigurations = (
				37FC3ACE2CA2F9ED00EBD0C4 /* Debug */,
				37FC3ACF2CA2F9ED00EBD0C4 /* Release */,
			);
			defaultConfigurationIsVisible = 0;
			defaultConfigurationName = Release;
		};
/* End XCConfigurationList section */
	};
	rootObject = 37FC3A9B2CA2F9EC00EBD0C4 /* Project object */;
}
